// !$*UTF8*$!
{
	archiveVersion = 1;
	classes = {
	};
	objectVersion = 51;
	objects = {

/* Begin PBXBuildFile section */
		13469ABB1DC790CE97E33938 /* Pods_AsosShopList_AsosShopListUITests.framework in Frameworks */ = {isa = PBXBuildFile; fileRef = FEE009AA113505AEC0E78EE5 /* Pods_AsosShopList_AsosShopListUITests.framework */; };
		8C4E379D25390DDF0066B50D /* AppDelegate.swift in Sources */ = {isa = PBXBuildFile; fileRef = 8C4E379C25390DDF0066B50D /* AppDelegate.swift */; };
		8C4E379F25390DDF0066B50D /* SceneDelegate.swift in Sources */ = {isa = PBXBuildFile; fileRef = 8C4E379E25390DDF0066B50D /* SceneDelegate.swift */; };
		8C4E37A125390DDF0066B50D /* ViewController.swift in Sources */ = {isa = PBXBuildFile; fileRef = 8C4E37A025390DDF0066B50D /* ViewController.swift */; };
		8C4E37A425390DDF0066B50D /* Main.storyboard in Resources */ = {isa = PBXBuildFile; fileRef = 8C4E37A225390DDF0066B50D /* Main.storyboard */; };
		8C4E37A725390DDF0066B50D /* AsosShopList.xcdatamodeld in Sources */ = {isa = PBXBuildFile; fileRef = 8C4E37A525390DDF0066B50D /* AsosShopList.xcdatamodeld */; };
		8C4E37A925390DE00066B50D /* Assets.xcassets in Resources */ = {isa = PBXBuildFile; fileRef = 8C4E37A825390DE00066B50D /* Assets.xcassets */; };
		8C4E37AC25390DE00066B50D /* LaunchScreen.storyboard in Resources */ = {isa = PBXBuildFile; fileRef = 8C4E37AA25390DE00066B50D /* LaunchScreen.storyboard */; };
		8C4E37B725390DE00066B50D /* AsosShopListTests.swift in Sources */ = {isa = PBXBuildFile; fileRef = 8C4E37B625390DE00066B50D /* AsosShopListTests.swift */; };
		8C4E37C225390DE00066B50D /* AsosShopListUITests.swift in Sources */ = {isa = PBXBuildFile; fileRef = 8C4E37C125390DE00066B50D /* AsosShopListUITests.swift */; };
		8CAEFAEC2539C42400EE7750 /* Webservice.swift in Sources */ = {isa = PBXBuildFile; fileRef = 8CAEFAEB2539C42400EE7750 /* Webservice.swift */; };
		8CAEFAEF2539C4AC00EE7750 /* ProductModel.swift in Sources */ = {isa = PBXBuildFile; fileRef = 8CAEFAEE2539C4AC00EE7750 /* ProductModel.swift */; };
		8CAFF7BE253B53860045451C /* AsosShopViewModel.swift in Sources */ = {isa = PBXBuildFile; fileRef = 8CAFF7BD253B53860045451C /* AsosShopViewModel.swift */; };
		8CAFF7C6253B650A0045451C /* ProductTableViewCell.swift in Sources */ = {isa = PBXBuildFile; fileRef = 8CAFF7C4253B650A0045451C /* ProductTableViewCell.swift */; };
		8CAFF7C7253B650A0045451C /* ProductTableViewCell.xib in Resources */ = {isa = PBXBuildFile; fileRef = 8CAFF7C5253B650A0045451C /* ProductTableViewCell.xib */; };
		AF434BEB9D2157943B654595 /* Pods_AsosShopList.framework in Frameworks */ = {isa = PBXBuildFile; fileRef = 0C883EA8AFE73002AE43F751 /* Pods_AsosShopList.framework */; };
		E52FE078E4C83B465888ACA6 /* Pods_AsosShopListTests.framework in Frameworks */ = {isa = PBXBuildFile; fileRef = C9063710322DD289E4555C68 /* Pods_AsosShopListTests.framework */; };
/* End PBXBuildFile section */

/* Begin PBXContainerItemProxy section */
		8C4E37B325390DE00066B50D /* PBXContainerItemProxy */ = {
			isa = PBXContainerItemProxy;
			containerPortal = 8C4E379125390DDE0066B50D /* Project object */;
			proxyType = 1;
			remoteGlobalIDString = 8C4E379825390DDE0066B50D;
			remoteInfo = AsosShopList;
		};
		8C4E37BE25390DE00066B50D /* PBXContainerItemProxy */ = {
			isa = PBXContainerItemProxy;
			containerPortal = 8C4E379125390DDE0066B50D /* Project object */;
			proxyType = 1;
			remoteGlobalIDString = 8C4E379825390DDE0066B50D;
			remoteInfo = AsosShopList;
		};
/* End PBXContainerItemProxy section */

/* Begin PBXFileReference section */
		0C883EA8AFE73002AE43F751 /* Pods_AsosShopList.framework */ = {isa = PBXFileReference; explicitFileType = wrapper.framework; includeInIndex = 0; path = Pods_AsosShopList.framework; sourceTree = BUILT_PRODUCTS_DIR; };
		487D2C763BBEE3387DF284E7 /* Pods-AsosShopList-AsosShopListUITests.release.xcconfig */ = {isa = PBXFileReference; includeInIndex = 1; lastKnownFileType = text.xcconfig; name = "Pods-AsosShopList-AsosShopListUITests.release.xcconfig"; path = "Target Support Files/Pods-AsosShopList-AsosShopListUITests/Pods-AsosShopList-AsosShopListUITests.release.xcconfig"; sourceTree = "<group>"; };
		65823DBC40B402DCFF0D0A82 /* Pods-AsosShopListTests.release.xcconfig */ = {isa = PBXFileReference; includeInIndex = 1; lastKnownFileType = text.xcconfig; name = "Pods-AsosShopListTests.release.xcconfig"; path = "Target Support Files/Pods-AsosShopListTests/Pods-AsosShopListTests.release.xcconfig"; sourceTree = "<group>"; };
		68F5D1810B140DB0EC564B4A /* Pods-AsosShopListTests.debug.xcconfig */ = {isa = PBXFileReference; includeInIndex = 1; lastKnownFileType = text.xcconfig; name = "Pods-AsosShopListTests.debug.xcconfig"; path = "Target Support Files/Pods-AsosShopListTests/Pods-AsosShopListTests.debug.xcconfig"; sourceTree = "<group>"; };
		8C4E379925390DDE0066B50D /* AsosShopList.app */ = {isa = PBXFileReference; explicitFileType = wrapper.application; includeInIndex = 0; path = AsosShopList.app; sourceTree = BUILT_PRODUCTS_DIR; };
		8C4E379C25390DDF0066B50D /* AppDelegate.swift */ = {isa = PBXFileReference; lastKnownFileType = sourcecode.swift; path = AppDelegate.swift; sourceTree = "<group>"; };
		8C4E379E25390DDF0066B50D /* SceneDelegate.swift */ = {isa = PBXFileReference; lastKnownFileType = sourcecode.swift; path = SceneDelegate.swift; sourceTree = "<group>"; };
		8C4E37A025390DDF0066B50D /* ViewController.swift */ = {isa = PBXFileReference; lastKnownFileType = sourcecode.swift; path = ViewController.swift; sourceTree = "<group>"; };
		8C4E37A325390DDF0066B50D /* Base */ = {isa = PBXFileReference; lastKnownFileType = file.storyboard; name = Base; path = Base.lproj/Main.storyboard; sourceTree = "<group>"; };
		8C4E37A625390DDF0066B50D /* AsosShopList.xcdatamodel */ = {isa = PBXFileReference; lastKnownFileType = wrapper.xcdatamodel; path = AsosShopList.xcdatamodel; sourceTree = "<group>"; };
		8C4E37A825390DE00066B50D /* Assets.xcassets */ = {isa = PBXFileReference; lastKnownFileType = folder.assetcatalog; path = Assets.xcassets; sourceTree = "<group>"; };
		8C4E37AB25390DE00066B50D /* Base */ = {isa = PBXFileReference; lastKnownFileType = file.storyboard; name = Base; path = Base.lproj/LaunchScreen.storyboard; sourceTree = "<group>"; };
		8C4E37AD25390DE00066B50D /* Info.plist */ = {isa = PBXFileReference; lastKnownFileType = text.plist.xml; path = Info.plist; sourceTree = "<group>"; };
		8C4E37B225390DE00066B50D /* AsosShopListTests.xctest */ = {isa = PBXFileReference; explicitFileType = wrapper.cfbundle; includeInIndex = 0; path = AsosShopListTests.xctest; sourceTree = BUILT_PRODUCTS_DIR; };
		8C4E37B625390DE00066B50D /* AsosShopListTests.swift */ = {isa = PBXFileReference; lastKnownFileType = sourcecode.swift; path = AsosShopListTests.swift; sourceTree = "<group>"; };
		8C4E37B825390DE00066B50D /* Info.plist */ = {isa = PBXFileReference; lastKnownFileType = text.plist.xml; path = Info.plist; sourceTree = "<group>"; };
		8C4E37BD25390DE00066B50D /* AsosShopListUITests.xctest */ = {isa = PBXFileReference; explicitFileType = wrapper.cfbundle; includeInIndex = 0; path = AsosShopListUITests.xctest; sourceTree = BUILT_PRODUCTS_DIR; };
		8C4E37C125390DE00066B50D /* AsosShopListUITests.swift */ = {isa = PBXFileReference; lastKnownFileType = sourcecode.swift; path = AsosShopListUITests.swift; sourceTree = "<group>"; };
		8C4E37C325390DE00066B50D /* Info.plist */ = {isa = PBXFileReference; lastKnownFileType = text.plist.xml; path = Info.plist; sourceTree = "<group>"; };
		8CAEFAEB2539C42400EE7750 /* Webservice.swift */ = {isa = PBXFileReference; lastKnownFileType = sourcecode.swift; path = Webservice.swift; sourceTree = "<group>"; };
		8CAEFAEE2539C4AC00EE7750 /* ProductModel.swift */ = {isa = PBXFileReference; lastKnownFileType = sourcecode.swift; path = ProductModel.swift; sourceTree = "<group>"; };
		8CAFF7BD253B53860045451C /* AsosShopViewModel.swift */ = {isa = PBXFileReference; lastKnownFileType = sourcecode.swift; path = AsosShopViewModel.swift; sourceTree = "<group>"; };
		8CAFF7C4253B650A0045451C /* ProductTableViewCell.swift */ = {isa = PBXFileReference; lastKnownFileType = sourcecode.swift; path = ProductTableViewCell.swift; sourceTree = "<group>"; };
		8CAFF7C5253B650A0045451C /* ProductTableViewCell.xib */ = {isa = PBXFileReference; lastKnownFileType = file.xib; path = ProductTableViewCell.xib; sourceTree = "<group>"; };
		B26A74FA82B44D42ABC53B45 /* Pods-AsosShopList-AsosShopListUITests.debug.xcconfig */ = {isa = PBXFileReference; includeInIndex = 1; lastKnownFileType = text.xcconfig; name = "Pods-AsosShopList-AsosShopListUITests.debug.xcconfig"; path = "Target Support Files/Pods-AsosShopList-AsosShopListUITests/Pods-AsosShopList-AsosShopListUITests.debug.xcconfig"; sourceTree = "<group>"; };
		C9063710322DD289E4555C68 /* Pods_AsosShopListTests.framework */ = {isa = PBXFileReference; explicitFileType = wrapper.framework; includeInIndex = 0; path = Pods_AsosShopListTests.framework; sourceTree = BUILT_PRODUCTS_DIR; };
		CDE841E7C15ABCA8408A49EB /* Pods-AsosShopList.release.xcconfig */ = {isa = PBXFileReference; includeInIndex = 1; lastKnownFileType = text.xcconfig; name = "Pods-AsosShopList.release.xcconfig"; path = "Target Support Files/Pods-AsosShopList/Pods-AsosShopList.release.xcconfig"; sourceTree = "<group>"; };
		EC47255B81DF8586682121E6 /* Pods-AsosShopList.debug.xcconfig */ = {isa = PBXFileReference; includeInIndex = 1; lastKnownFileType = text.xcconfig; name = "Pods-AsosShopList.debug.xcconfig"; path = "Target Support Files/Pods-AsosShopList/Pods-AsosShopList.debug.xcconfig"; sourceTree = "<group>"; };
		FEE009AA113505AEC0E78EE5 /* Pods_AsosShopList_AsosShopListUITests.framework */ = {isa = PBXFileReference; explicitFileType = wrapper.framework; includeInIndex = 0; path = Pods_AsosShopList_AsosShopListUITests.framework; sourceTree = BUILT_PRODUCTS_DIR; };
/* End PBXFileReference section */

/* Begin PBXFrameworksBuildPhase section */
		8C4E379625390DDE0066B50D /* Frameworks */ = {
			isa = PBXFrameworksBuildPhase;
			buildActionMask = 2147483647;
			files = (
				AF434BEB9D2157943B654595 /* Pods_AsosShopList.framework in Frameworks */,
			);
			runOnlyForDeploymentPostprocessing = 0;
		};
		8C4E37AF25390DE00066B50D /* Frameworks */ = {
			isa = PBXFrameworksBuildPhase;
			buildActionMask = 2147483647;
			files = (
				E52FE078E4C83B465888ACA6 /* Pods_AsosShopListTests.framework in Frameworks */,
			);
			runOnlyForDeploymentPostprocessing = 0;
		};
		8C4E37BA25390DE00066B50D /* Frameworks */ = {
			isa = PBXFrameworksBuildPhase;
			buildActionMask = 2147483647;
			files = (
				13469ABB1DC790CE97E33938 /* Pods_AsosShopList_AsosShopListUITests.framework in Frameworks */,
			);
			runOnlyForDeploymentPostprocessing = 0;
		};
/* End PBXFrameworksBuildPhase section */

/* Begin PBXGroup section */
		8C4E379025390DDE0066B50D = {
			isa = PBXGroup;
			children = (
				8C4E379B25390DDE0066B50D /* AsosShopList */,
				8C4E37B525390DE00066B50D /* AsosShopListTests */,
				8C4E37C025390DE00066B50D /* AsosShopListUITests */,
				8C4E379A25390DDE0066B50D /* Products */,
				BF88C66E411E490E918CDAF1 /* Pods */,
				E0F26545D925E24C53BE2B7B /* Frameworks */,
			);
			sourceTree = "<group>";
		};
		8C4E379A25390DDE0066B50D /* Products */ = {
			isa = PBXGroup;
			children = (
				8C4E379925390DDE0066B50D /* AsosShopList.app */,
				8C4E37B225390DE00066B50D /* AsosShopListTests.xctest */,
				8C4E37BD25390DE00066B50D /* AsosShopListUITests.xctest */,
			);
			name = Products;
			sourceTree = "<group>";
		};
		8C4E379B25390DDE0066B50D /* AsosShopList */ = {
			isa = PBXGroup;
			children = (
				8CAFF7BF253B635C0045451C /* Views */,
				8CAFF7BC253B536D0045451C /* ViewModel */,
				8CAEFAED2539C49C00EE7750 /* Models */,
				8CAEFAEB2539C42400EE7750 /* Webservice.swift */,
				8C4E379C25390DDF0066B50D /* AppDelegate.swift */,
				8C4E379E25390DDF0066B50D /* SceneDelegate.swift */,
				8C4E37A825390DE00066B50D /* Assets.xcassets */,
				8C4E37AA25390DE00066B50D /* LaunchScreen.storyboard */,
				8C4E37AD25390DE00066B50D /* Info.plist */,
				8C4E37A525390DDF0066B50D /* AsosShopList.xcdatamodeld */,
			);
			path = AsosShopList;
			sourceTree = "<group>";
		};
		8C4E37B525390DE00066B50D /* AsosShopListTests */ = {
			isa = PBXGroup;
			children = (
				8C4E37B625390DE00066B50D /* AsosShopListTests.swift */,
				8C4E37B825390DE00066B50D /* Info.plist */,
			);
			path = AsosShopListTests;
			sourceTree = "<group>";
		};
		8C4E37C025390DE00066B50D /* AsosShopListUITests */ = {
			isa = PBXGroup;
			children = (
				8C4E37C125390DE00066B50D /* AsosShopListUITests.swift */,
				8C4E37C325390DE00066B50D /* Info.plist */,
			);
			path = AsosShopListUITests;
			sourceTree = "<group>";
		};
		8CAEFAED2539C49C00EE7750 /* Models */ = {
			isa = PBXGroup;
			children = (
				8CAEFAEE2539C4AC00EE7750 /* ProductModel.swift */,
			);
			path = Models;
			sourceTree = "<group>";
		};
		8CAFF7BC253B536D0045451C /* ViewModel */ = {
			isa = PBXGroup;
			children = (
				8CAFF7BD253B53860045451C /* AsosShopViewModel.swift */,
			);
			path = ViewModel;
			sourceTree = "<group>";
		};
		8CAFF7BF253B635C0045451C /* Views */ = {
			isa = PBXGroup;
			children = (
				8C4E37A025390DDF0066B50D /* ViewController.swift */,
				8CAFF7C4253B650A0045451C /* ProductTableViewCell.swift */,
				8C4E37A225390DDF0066B50D /* Main.storyboard */,
				8CAFF7C5253B650A0045451C /* ProductTableViewCell.xib */,
			);
			path = Views;
			sourceTree = "<group>";
		};
		BF88C66E411E490E918CDAF1 /* Pods */ = {
			isa = PBXGroup;
			children = (
				EC47255B81DF8586682121E6 /* Pods-AsosShopList.debug.xcconfig */,
				CDE841E7C15ABCA8408A49EB /* Pods-AsosShopList.release.xcconfig */,
				B26A74FA82B44D42ABC53B45 /* Pods-AsosShopList-AsosShopListUITests.debug.xcconfig */,
				487D2C763BBEE3387DF284E7 /* Pods-AsosShopList-AsosShopListUITests.release.xcconfig */,
				68F5D1810B140DB0EC564B4A /* Pods-AsosShopListTests.debug.xcconfig */,
				65823DBC40B402DCFF0D0A82 /* Pods-AsosShopListTests.release.xcconfig */,
			);
			path = Pods;
			sourceTree = "<group>";
		};
		E0F26545D925E24C53BE2B7B /* Frameworks */ = {
			isa = PBXGroup;
			children = (
				0C883EA8AFE73002AE43F751 /* Pods_AsosShopList.framework */,
				FEE009AA113505AEC0E78EE5 /* Pods_AsosShopList_AsosShopListUITests.framework */,
				C9063710322DD289E4555C68 /* Pods_AsosShopListTests.framework */,
			);
			name = Frameworks;
			sourceTree = "<group>";
		};
/* End PBXGroup section */

/* Begin PBXNativeTarget section */
		8C4E379825390DDE0066B50D /* AsosShopList */ = {
			isa = PBXNativeTarget;
			buildConfigurationList = 8C4E37C625390DE00066B50D /* Build configuration list for PBXNativeTarget "AsosShopList" */;
			buildPhases = (
				62A4A96E9C5090794E61E2C2 /* [CP] Check Pods Manifest.lock */,
				8C4E379525390DDE0066B50D /* Sources */,
				8C4E379625390DDE0066B50D /* Frameworks */,
				8C4E379725390DDE0066B50D /* Resources */,
				B2F1F33E797DD0D6095673CB /* [CP] Embed Pods Frameworks */,
			);
			buildRules = (
			);
			dependencies = (
			);
			name = AsosShopList;
			productName = AsosShopList;
			productReference = 8C4E379925390DDE0066B50D /* AsosShopList.app */;
			productType = "com.apple.product-type.application";
		};
		8C4E37B125390DE00066B50D /* AsosShopListTests */ = {
			isa = PBXNativeTarget;
			buildConfigurationList = 8C4E37C925390DE00066B50D /* Build configuration list for PBXNativeTarget "AsosShopListTests" */;
			buildPhases = (
				D3B0C510943950846BE13B28 /* [CP] Check Pods Manifest.lock */,
				8C4E37AE25390DE00066B50D /* Sources */,
				8C4E37AF25390DE00066B50D /* Frameworks */,
				8C4E37B025390DE00066B50D /* Resources */,
			);
			buildRules = (
			);
			dependencies = (
				8C4E37B425390DE00066B50D /* PBXTargetDependency */,
			);
			name = AsosShopListTests;
			productName = AsosShopListTests;
			productReference = 8C4E37B225390DE00066B50D /* AsosShopListTests.xctest */;
			productType = "com.apple.product-type.bundle.unit-test";
		};
		8C4E37BC25390DE00066B50D /* AsosShopListUITests */ = {
			isa = PBXNativeTarget;
			buildConfigurationList = 8C4E37CC25390DE00066B50D /* Build configuration list for PBXNativeTarget "AsosShopListUITests" */;
			buildPhases = (
				CB511DC6060ECA9F9A102246 /* [CP] Check Pods Manifest.lock */,
				8C4E37B925390DE00066B50D /* Sources */,
				8C4E37BA25390DE00066B50D /* Frameworks */,
				8C4E37BB25390DE00066B50D /* Resources */,
				4BE9A64D8364F90A58E5DD4C /* [CP] Embed Pods Frameworks */,
			);
			buildRules = (
			);
			dependencies = (
				8C4E37BF25390DE00066B50D /* PBXTargetDependency */,
			);
			name = AsosShopListUITests;
			productName = AsosShopListUITests;
			productReference = 8C4E37BD25390DE00066B50D /* AsosShopListUITests.xctest */;
			productType = "com.apple.product-type.bundle.ui-testing";
		};
/* End PBXNativeTarget section */

/* Begin PBXProject section */
		8C4E379125390DDE0066B50D /* Project object */ = {
			isa = PBXProject;
			attributes = {
				LastSwiftUpdateCheck = 1150;
				LastUpgradeCheck = 1150;
				ORGANIZATIONNAME = Genuine;
				TargetAttributes = {
					8C4E379825390DDE0066B50D = {
						CreatedOnToolsVersion = 11.5;
					};
					8C4E37B125390DE00066B50D = {
						CreatedOnToolsVersion = 11.5;
						TestTargetID = 8C4E379825390DDE0066B50D;
					};
					8C4E37BC25390DE00066B50D = {
						CreatedOnToolsVersion = 11.5;
						TestTargetID = 8C4E379825390DDE0066B50D;
					};
				};
			};
			buildConfigurationList = 8C4E379425390DDE0066B50D /* Build configuration list for PBXProject "AsosShopList" */;
			compatibilityVersion = "Xcode 9.3";
			developmentRegion = en;
			hasScannedForEncodings = 0;
			knownRegions = (
				en,
				Base,
			);
			mainGroup = 8C4E379025390DDE0066B50D;
			productRefGroup = 8C4E379A25390DDE0066B50D /* Products */;
			projectDirPath = "";
			projectRoot = "";
			targets = (
				8C4E379825390DDE0066B50D /* AsosShopList */,
				8C4E37B125390DE00066B50D /* AsosShopListTests */,
				8C4E37BC25390DE00066B50D /* AsosShopListUITests */,
			);
		};
/* End PBXProject section */

/* Begin PBXResourcesBuildPhase section */
		8C4E379725390DDE0066B50D /* Resources */ = {
			isa = PBXResourcesBuildPhase;
			buildActionMask = 2147483647;
			files = (
				8C4E37AC25390DE00066B50D /* LaunchScreen.storyboard in Resources */,
				8CAFF7C7253B650A0045451C /* ProductTableViewCell.xib in Resources */,
				8C4E37A925390DE00066B50D /* Assets.xcassets in Resources */,
				8C4E37A425390DDF0066B50D /* Main.storyboard in Resources */,
			);
			runOnlyForDeploymentPostprocessing = 0;
		};
		8C4E37B025390DE00066B50D /* Resources */ = {
			isa = PBXResourcesBuildPhase;
			buildActionMask = 2147483647;
			files = (
			);
			runOnlyForDeploymentPostprocessing = 0;
		};
		8C4E37BB25390DE00066B50D /* Resources */ = {
			isa = PBXResourcesBuildPhase;
			buildActionMask = 2147483647;
			files = (
			);
			runOnlyForDeploymentPostprocessing = 0;
		};
/* End PBXResourcesBuildPhase section */

/* Begin PBXShellScriptBuildPhase section */
		4BE9A64D8364F90A58E5DD4C /* [CP] Embed Pods Frameworks */ = {
			isa = PBXShellScriptBuildPhase;
			buildActionMask = 2147483647;
			files = (
			);
			inputFileListPaths = (
				"${PODS_ROOT}/Target Support Files/Pods-AsosShopList-AsosShopListUITests/Pods-AsosShopList-AsosShopListUITests-frameworks-${CONFIGURATION}-input-files.xcfilelist",
			);
			name = "[CP] Embed Pods Frameworks";
			outputFileListPaths = (
				"${PODS_ROOT}/Target Support Files/Pods-AsosShopList-AsosShopListUITests/Pods-AsosShopList-AsosShopListUITests-frameworks-${CONFIGURATION}-output-files.xcfilelist",
			);
			runOnlyForDeploymentPostprocessing = 0;
			shellPath = /bin/sh;
			shellScript = "\"${PODS_ROOT}/Target Support Files/Pods-AsosShopList-AsosShopListUITests/Pods-AsosShopList-AsosShopListUITests-frameworks.sh\"\n";
			showEnvVarsInLog = 0;
		};
		62A4A96E9C5090794E61E2C2 /* [CP] Check Pods Manifest.lock */ = {
			isa = PBXShellScriptBuildPhase;
			buildActionMask = 2147483647;
			files = (
			);
			inputFileListPaths = (
			);
			inputPaths = (
				"${PODS_PODFILE_DIR_PATH}/Podfile.lock",
				"${PODS_ROOT}/Manifest.lock",
			);
			name = "[CP] Check Pods Manifest.lock";
			outputFileListPaths = (
			);
			outputPaths = (
				"$(DERIVED_FILE_DIR)/Pods-AsosShopList-checkManifestLockResult.txt",
			);
			runOnlyForDeploymentPostprocessing = 0;
			shellPath = /bin/sh;
			shellScript = "diff \"${PODS_PODFILE_DIR_PATH}/Podfile.lock\" \"${PODS_ROOT}/Manifest.lock\" > /dev/null\nif [ $? != 0 ] ; then\n    # print error to STDERR\n    echo \"error: The sandbox is not in sync with the Podfile.lock. Run 'pod install' or update your CocoaPods installation.\" >&2\n    exit 1\nfi\n# This output is used by Xcode 'outputs' to avoid re-running this script phase.\necho \"SUCCESS\" > \"${SCRIPT_OUTPUT_FILE_0}\"\n";
			showEnvVarsInLog = 0;
		};
		B2F1F33E797DD0D6095673CB /* [CP] Embed Pods Frameworks */ = {
			isa = PBXShellScriptBuildPhase;
			buildActionMask = 2147483647;
			files = (
			);
			inputFileListPaths = (
				"${PODS_ROOT}/Target Support Files/Pods-AsosShopList/Pods-AsosShopList-frameworks-${CONFIGURATION}-input-files.xcfilelist",
			);
			name = "[CP] Embed Pods Frameworks";
			outputFileListPaths = (
				"${PODS_ROOT}/Target Support Files/Pods-AsosShopList/Pods-AsosShopList-frameworks-${CONFIGURATION}-output-files.xcfilelist",
			);
			runOnlyForDeploymentPostprocessing = 0;
			shellPath = /bin/sh;
			shellScript = "\"${PODS_ROOT}/Target Support Files/Pods-AsosShopList/Pods-AsosShopList-frameworks.sh\"\n";
			showEnvVarsInLog = 0;
		};
		CB511DC6060ECA9F9A102246 /* [CP] Check Pods Manifest.lock */ = {
			isa = PBXShellScriptBuildPhase;
			buildActionMask = 2147483647;
			files = (
			);
			inputFileListPaths = (
			);
			inputPaths = (
				"${PODS_PODFILE_DIR_PATH}/Podfile.lock",
				"${PODS_ROOT}/Manifest.lock",
			);
			name = "[CP] Check Pods Manifest.lock";
			outputFileListPaths = (
			);
			outputPaths = (
				"$(DERIVED_FILE_DIR)/Pods-AsosShopList-AsosShopListUITests-checkManifestLockResult.txt",
			);
			runOnlyForDeploymentPostprocessing = 0;
			shellPath = /bin/sh;
			shellScript = "diff \"${PODS_PODFILE_DIR_PATH}/Podfile.lock\" \"${PODS_ROOT}/Manifest.lock\" > /dev/null\nif [ $? != 0 ] ; then\n    # print error to STDERR\n    echo \"error: The sandbox is not in sync with the Podfile.lock. Run 'pod install' or update your CocoaPods installation.\" >&2\n    exit 1\nfi\n# This output is used by Xcode 'outputs' to avoid re-running this script phase.\necho \"SUCCESS\" > \"${SCRIPT_OUTPUT_FILE_0}\"\n";
			showEnvVarsInLog = 0;
		};
		D3B0C510943950846BE13B28 /* [CP] Check Pods Manifest.lock */ = {
			isa = PBXShellScriptBuildPhase;
			buildActionMask = 2147483647;
			files = (
			);
			inputFileListPaths = (
			);
			inputPaths = (
				"${PODS_PODFILE_DIR_PATH}/Podfile.lock",
				"${PODS_ROOT}/Manifest.lock",
			);
			name = "[CP] Check Pods Manifest.lock";
			outputFileListPaths = (
			);
			outputPaths = (
				"$(DERIVED_FILE_DIR)/Pods-AsosShopListTests-checkManifestLockResult.txt",
			);
			runOnlyForDeploymentPostprocessing = 0;
			shellPath = /bin/sh;
			shellScript = "diff \"${PODS_PODFILE_DIR_PATH}/Podfile.lock\" \"${PODS_ROOT}/Manifest.lock\" > /dev/null\nif [ $? != 0 ] ; then\n    # print error to STDERR\n    echo \"error: The sandbox is not in sync with the Podfile.lock. Run 'pod install' or update your CocoaPods installation.\" >&2\n    exit 1\nfi\n# This output is used by Xcode 'outputs' to avoid re-running this script phase.\necho \"SUCCESS\" > \"${SCRIPT_OUTPUT_FILE_0}\"\n";
			showEnvVarsInLog = 0;
		};
/* End PBXShellScriptBuildPhase section */

/* Begin PBXSourcesBuildPhase section */
		8C4E379525390DDE0066B50D /* Sources */ = {
			isa = PBXSourcesBuildPhase;
			buildActionMask = 2147483647;
			files = (
				8CAEFAEC2539C42400EE7750 /* Webservice.swift in Sources */,
				8CAFF7C6253B650A0045451C /* ProductTableViewCell.swift in Sources */,
				8CAFF7BE253B53860045451C /* AsosShopViewModel.swift in Sources */,
				8CAEFAEF2539C4AC00EE7750 /* ProductModel.swift in Sources */,
				8C4E37A125390DDF0066B50D /* ViewController.swift in Sources */,
				8C4E37A725390DDF0066B50D /* AsosShopList.xcdatamodeld in Sources */,
				8C4E379D25390DDF0066B50D /* AppDelegate.swift in Sources */,
				8C4E379F25390DDF0066B50D /* SceneDelegate.swift in Sources */,
			);
			runOnlyForDeploymentPostprocessing = 0;
		};
		8C4E37AE25390DE00066B50D /* Sources */ = {
			isa = PBXSourcesBuildPhase;
			buildActionMask = 2147483647;
			files = (
				8C4E37B725390DE00066B50D /* AsosShopListTests.swift in Sources */,
			);
			runOnlyForDeploymentPostprocessing = 0;
		};
		8C4E37B925390DE00066B50D /* Sources */ = {
			isa = PBXSourcesBuildPhase;
			buildActionMask = 2147483647;
			files = (
				8C4E37C225390DE00066B50D /* AsosShopListUITests.swift in Sources */,
			);
			runOnlyForDeploymentPostprocessing = 0;
		};
/* End PBXSourcesBuildPhase section */

/* Begin PBXTargetDependency section */
		8C4E37B425390DE00066B50D /* PBXTargetDependency */ = {
			isa = PBXTargetDependency;
			target = 8C4E379825390DDE0066B50D /* AsosShopList */;
			targetProxy = 8C4E37B325390DE00066B50D /* PBXContainerItemProxy */;
		};
		8C4E37BF25390DE00066B50D /* PBXTargetDependency */ = {
			isa = PBXTargetDependency;
			target = 8C4E379825390DDE0066B50D /* AsosShopList */;
			targetProxy = 8C4E37BE25390DE00066B50D /* PBXContainerItemProxy */;
		};
/* End PBXTargetDependency section */

/* Begin PBXVariantGroup section */
		8C4E37A225390DDF0066B50D /* Main.storyboard */ = {
			isa = PBXVariantGroup;
			children = (
				8C4E37A325390DDF0066B50D /* Base */,
			);
			name = Main.storyboard;
			sourceTree = "<group>";
		};
		8C4E37AA25390DE00066B50D /* LaunchScreen.storyboard */ = {
			isa = PBXVariantGroup;
			children = (
				8C4E37AB25390DE00066B50D /* Base */,
			);
			name = LaunchScreen.storyboard;
			sourceTree = "<group>";
		};
/* End PBXVariantGroup section */

/* Begin XCBuildConfiguration section */
		8C4E37C425390DE00066B50D /* Debug */ = {
			isa = XCBuildConfiguration;
			buildSettings = {
				ALWAYS_SEARCH_USER_PATHS = NO;
				CLANG_ANALYZER_NONNULL = YES;
				CLANG_ANALYZER_NUMBER_OBJECT_CONVERSION = YES_AGGRESSIVE;
				CLANG_CXX_LANGUAGE_STANDARD = "gnu++14";
				CLANG_CXX_LIBRARY = "libc++";
				CLANG_ENABLE_MODULES = YES;
				CLANG_ENABLE_OBJC_ARC = YES;
				CLANG_ENABLE_OBJC_WEAK = YES;
				CLANG_WARN_BLOCK_CAPTURE_AUTORELEASING = YES;
				CLANG_WARN_BOOL_CONVERSION = YES;
				CLANG_WARN_COMMA = YES;
				CLANG_WARN_CONSTANT_CONVERSION = YES;
				CLANG_WARN_DEPRECATED_OBJC_IMPLEMENTATIONS = YES;
				CLANG_WARN_DIRECT_OBJC_ISA_USAGE = YES_ERROR;
				CLANG_WARN_DOCUMENTATION_COMMENTS = YES;
				CLANG_WARN_EMPTY_BODY = YES;
				CLANG_WARN_ENUM_CONVERSION = YES;
				CLANG_WARN_INFINITE_RECURSION = YES;
				CLANG_WARN_INT_CONVERSION = YES;
				CLANG_WARN_NON_LITERAL_NULL_CONVERSION = YES;
				CLANG_WARN_OBJC_IMPLICIT_RETAIN_SELF = YES;
				CLANG_WARN_OBJC_LITERAL_CONVERSION = YES;
				CLANG_WARN_OBJC_ROOT_CLASS = YES_ERROR;
				CLANG_WARN_RANGE_LOOP_ANALYSIS = YES;
				CLANG_WARN_STRICT_PROTOTYPES = YES;
				CLANG_WARN_SUSPICIOUS_MOVE = YES;
				CLANG_WARN_UNGUARDED_AVAILABILITY = YES_AGGRESSIVE;
				CLANG_WARN_UNREACHABLE_CODE = YES;
				CLANG_WARN__DUPLICATE_METHOD_MATCH = YES;
				COPY_PHASE_STRIP = NO;
				DEBUG_INFORMATION_FORMAT = dwarf;
				ENABLE_STRICT_OBJC_MSGSEND = YES;
				ENABLE_TESTABILITY = YES;
				GCC_C_LANGUAGE_STANDARD = gnu11;
				GCC_DYNAMIC_NO_PIC = NO;
				GCC_NO_COMMON_BLOCKS = YES;
				GCC_OPTIMIZATION_LEVEL = 0;
				GCC_PREPROCESSOR_DEFINITIONS = (
					"DEBUG=1",
					"$(inherited)",
				);
				GCC_WARN_64_TO_32_BIT_CONVERSION = YES;
				GCC_WARN_ABOUT_RETURN_TYPE = YES_ERROR;
				GCC_WARN_UNDECLARED_SELECTOR = YES;
				GCC_WARN_UNINITIALIZED_AUTOS = YES_AGGRESSIVE;
				GCC_WARN_UNUSED_FUNCTION = YES;
				GCC_WARN_UNUSED_VARIABLE = YES;
				IPHONEOS_DEPLOYMENT_TARGET = 13.5;
				MTL_ENABLE_DEBUG_INFO = INCLUDE_SOURCE;
				MTL_FAST_MATH = YES;
				ONLY_ACTIVE_ARCH = YES;
				SDKROOT = iphoneos;
				SWIFT_ACTIVE_COMPILATION_CONDITIONS = DEBUG;
				SWIFT_OPTIMIZATION_LEVEL = "-Onone";
			};
			name = Debug;
		};
		8C4E37C525390DE00066B50D /* Release */ = {
			isa = XCBuildConfiguration;
			buildSettings = {
				ALWAYS_SEARCH_USER_PATHS = NO;
				CLANG_ANALYZER_NONNULL = YES;
				CLANG_ANALYZER_NUMBER_OBJECT_CONVERSION = YES_AGGRESSIVE;
				CLANG_CXX_LANGUAGE_STANDARD = "gnu++14";
				CLANG_CXX_LIBRARY = "libc++";
				CLANG_ENABLE_MODULES = YES;
				CLANG_ENABLE_OBJC_ARC = YES;
				CLANG_ENABLE_OBJC_WEAK = YES;
				CLANG_WARN_BLOCK_CAPTURE_AUTORELEASING = YES;
				CLANG_WARN_BOOL_CONVERSION = YES;
				CLANG_WARN_COMMA = YES;
				CLANG_WARN_CONSTANT_CONVERSION = YES;
				CLANG_WARN_DEPRECATED_OBJC_IMPLEMENTATIONS = YES;
				CLANG_WARN_DIRECT_OBJC_ISA_USAGE = YES_ERROR;
				CLANG_WARN_DOCUMENTATION_COMMENTS = YES;
				CLANG_WARN_EMPTY_BODY = YES;
				CLANG_WARN_ENUM_CONVERSION = YES;
				CLANG_WARN_INFINITE_RECURSION = YES;
				CLANG_WARN_INT_CONVERSION = YES;
				CLANG_WARN_NON_LITERAL_NULL_CONVERSION = YES;
				CLANG_WARN_OBJC_IMPLICIT_RETAIN_SELF = YES;
				CLANG_WARN_OBJC_LITERAL_CONVERSION = YES;
				CLANG_WARN_OBJC_ROOT_CLASS = YES_ERROR;
				CLANG_WARN_RANGE_LOOP_ANALYSIS = YES;
				CLANG_WARN_STRICT_PROTOTYPES = YES;
				CLANG_WARN_SUSPICIOUS_MOVE = YES;
				CLANG_WARN_UNGUARDED_AVAILABILITY = YES_AGGRESSIVE;
				CLANG_WARN_UNREACHABLE_CODE = YES;
				CLANG_WARN__DUPLICATE_METHOD_MATCH = YES;
				COPY_PHASE_STRIP = NO;
				DEBUG_INFORMATION_FORMAT = "dwarf-with-dsym";
				ENABLE_NS_ASSERTIONS = NO;
				ENABLE_STRICT_OBJC_MSGSEND = YES;
				GCC_C_LANGUAGE_STANDARD = gnu11;
				GCC_NO_COMMON_BLOCKS = YES;
				GCC_WARN_64_TO_32_BIT_CONVERSION = YES;
				GCC_WARN_ABOUT_RETURN_TYPE = YES_ERROR;
				GCC_WARN_UNDECLARED_SELECTOR = YES;
				GCC_WARN_UNINITIALIZED_AUTOS = YES_AGGRESSIVE;
				GCC_WARN_UNUSED_FUNCTION = YES;
				GCC_WARN_UNUSED_VARIABLE = YES;
				IPHONEOS_DEPLOYMENT_TARGET = 13.5;
				MTL_ENABLE_DEBUG_INFO = NO;
				MTL_FAST_MATH = YES;
				SDKROOT = iphoneos;
				SWIFT_COMPILATION_MODE = wholemodule;
				SWIFT_OPTIMIZATION_LEVEL = "-O";
				VALIDATE_PRODUCT = YES;
			};
			name = Release;
		};
		8C4E37C725390DE00066B50D /* Debug */ = {
			isa = XCBuildConfiguration;
			baseConfigurationReference = EC47255B81DF8586682121E6 /* Pods-AsosShopList.debug.xcconfig */;
			buildSettings = {
				ASSETCATALOG_COMPILER_APPICON_NAME = AppIcon;
				CODE_SIGN_STYLE = Automatic;
				DEVELOPMENT_TEAM = BP9F2YY4PR;
				INFOPLIST_FILE = AsosShopList/Info.plist;
				LD_RUNPATH_SEARCH_PATHS = (
					"$(inherited)",
					"@executable_path/Frameworks",
				);
				PRODUCT_BUNDLE_IDENTIFIER = com.MassaM.AsosShopList;
				PRODUCT_NAME = "$(TARGET_NAME)";
				SWIFT_VERSION = 5.0;
				TARGETED_DEVICE_FAMILY = "1,2";
			};
			name = Debug;
		};
		8C4E37C825390DE00066B50D /* Release */ = {
			isa = XCBuildConfiguration;
			baseConfigurationReference = CDE841E7C15ABCA8408A49EB /* Pods-AsosShopList.release.xcconfig */;
			buildSettings = {
				ASSETCATALOG_COMPILER_APPICON_NAME = AppIcon;
				CODE_SIGN_STYLE = Automatic;
				DEVELOPMENT_TEAM = BP9F2YY4PR;
				INFOPLIST_FILE = AsosShopList/Info.plist;
				LD_RUNPATH_SEARCH_PATHS = (
					"$(inherited)",
					"@executable_path/Frameworks",
				);
				PRODUCT_BUNDLE_IDENTIFIER = com.MassaM.AsosShopList;
				PRODUCT_NAME = "$(TARGET_NAME)";
				SWIFT_VERSION = 5.0;
				TARGETED_DEVICE_FAMILY = "1,2";
			};
			name = Release;
		};
		8C4E37CA25390DE00066B50D /* Debug */ = {
			isa = XCBuildConfiguration;
			baseConfigurationReference = 68F5D1810B140DB0EC564B4A /* Pods-AsosShopListTests.debug.xcconfig */;
			buildSettings = {
				ALWAYS_EMBED_SWIFT_STANDARD_LIBRARIES = YES;
				BUNDLE_LOADER = "$(TEST_HOST)";
				CODE_SIGN_STYLE = Automatic;
				DEVELOPMENT_TEAM = BP9F2YY4PR;
				INFOPLIST_FILE = AsosShopListTests/Info.plist;
				IPHONEOS_DEPLOYMENT_TARGET = 13.5;
				LD_RUNPATH_SEARCH_PATHS = (
					"$(inherited)",
					"@executable_path/Frameworks",
					"@loader_path/Frameworks",
				);
				PRODUCT_BUNDLE_IDENTIFIER = com.MassaM.AsosShopListTests;
				PRODUCT_NAME = "$(TARGET_NAME)";
				SWIFT_VERSION = 5.0;
				TARGETED_DEVICE_FAMILY = "1,2";
				TEST_HOST = "$(BUILT_PRODUCTS_DIR)/AsosShopList.app/AsosShopList";
			};
			name = Debug;
		};
		8C4E37CB25390DE00066B50D /* Release */ = {
			isa = XCBuildConfiguration;
			baseConfigurationReference = 65823DBC40B402DCFF0D0A82 /* Pods-AsosShopListTests.release.xcconfig */;
			buildSettings = {
				ALWAYS_EMBED_SWIFT_STANDARD_LIBRARIES = YES;
				BUNDLE_LOADER = "$(TEST_HOST)";
				CODE_SIGN_STYLE = Automatic;
				DEVELOPMENT_TEAM = BP9F2YY4PR;
				INFOPLIST_FILE = AsosShopListTests/Info.plist;
				IPHONEOS_DEPLOYMENT_TARGET = 13.5;
				LD_RUNPATH_SEARCH_PATHS = (
					"$(inherited)",
					"@executable_path/Frameworks",
					"@loader_path/Frameworks",
				);
				PRODUCT_BUNDLE_IDENTIFIER = com.MassaM.AsosShopListTests;
				PRODUCT_NAME = "$(TARGET_NAME)";
				SWIFT_VERSION = 5.0;
				TARGETED_DEVICE_FAMILY = "1,2";
				TEST_HOST = "$(BUILT_PRODUCTS_DIR)/AsosShopList.app/AsosShopList";
			};
			name = Release;
		};
		8C4E37CD25390DE00066B50D /* Debug */ = {
			isa = XCBuildConfiguration;
			baseConfigurationReference = B26A74FA82B44D42ABC53B45 /* Pods-AsosShopList-AsosShopListUITests.debug.xcconfig */;
			buildSettings = {
				ALWAYS_EMBED_SWIFT_STANDARD_LIBRARIES = YES;
				CODE_SIGN_STYLE = Automatic;
				DEVELOPMENT_TEAM = BP9F2YY4PR;
				INFOPLIST_FILE = AsosShopListUITests/Info.plist;
				LD_RUNPATH_SEARCH_PATHS = (
					"$(inherited)",
					"@executable_path/Frameworks",
					"@loader_path/Frameworks",
				);
				PRODUCT_BUNDLE_IDENTIFIER = com.MassaM.AsosShopListUITests;
				PRODUCT_NAME = "$(TARGET_NAME)";
				SWIFT_VERSION = 5.0;
				TARGETED_DEVICE_FAMILY = "1,2";
				TEST_TARGET_NAME = AsosShopList;
			};
			name = Debug;
		};
		8C4E37CE25390DE00066B50D /* Release */ = {
			isa = XCBuildConfiguration;
			baseConfigurationReference = 487D2C763BBEE3387DF284E7 /* Pods-AsosShopList-AsosShopListUITests.release.xcconfig */;
			buildSettings = {
				ALWAYS_EMBED_SWIFT_STANDARD_LIBRARIES = YES;
				CODE_SIGN_STYLE = Automatic;
				DEVELOPMENT_TEAM = BP9F2YY4PR;
				INFOPLIST_FILE = AsosShopListUITests/Info.plist;
				LD_RUNPATH_SEARCH_PATHS = (
					"$(inherited)",
					"@executable_path/Frameworks",
					"@loader_path/Frameworks",
				);
				PRODUCT_BUNDLE_IDENTIFIER = com.MassaM.AsosShopListUITests;
				PRODUCT_NAME = "$(TARGET_NAME)";
				SWIFT_VERSION = 5.0;
				TARGETED_DEVICE_FAMILY = "1,2";
				TEST_TARGET_NAME = AsosShopList;
			};
			name = Release;
		};
/* End XCBuildConfiguration section */

/* Begin XCConfigurationList section */
		8C4E379425390DDE0066B50D /* Build configuration list for PBXProject "AsosShopList" */ = {
			isa = XCConfigurationList;
			buildConfigurations = (
				8C4E37C425390DE00066B50D /* Debug */,
				8C4E37C525390DE00066B50D /* Release */,
			);
			defaultConfigurationIsVisible = 0;
			defaultConfigurationName = Release;
		};
		8C4E37C625390DE00066B50D /* Build configuration list for PBXNativeTarget "AsosShopList" */ = {
			isa = XCConfigurationList;
			buildConfigurations = (
				8C4E37C725390DE00066B50D /* Debug */,
				8C4E37C825390DE00066B50D /* Release */,
			);
			defaultConfigurationIsVisible = 0;
			defaultConfigurationName = Release;
		};
		8C4E37C925390DE00066B50D /* Build configuration list for PBXNativeTarget "AsosShopListTests" */ = {
			isa = XCConfigurationList;
			buildConfigurations = (
				8C4E37CA25390DE00066B50D /* Debug */,
				8C4E37CB25390DE00066B50D /* Release */,
			);
			defaultConfigurationIsVisible = 0;
			defaultConfigurationName = Release;
		};
		8C4E37CC25390DE00066B50D /* Build configuration list for PBXNativeTarget "AsosShopListUITests" */ = {
			isa = XCConfigurationList;
			buildConfigurations = (
				8C4E37CD25390DE00066B50D /* Debug */,
				8C4E37CE25390DE00066B50D /* Release */,
			);
			defaultConfigurationIsVisible = 0;
			defaultConfigurationName = Release;
		};
/* End XCConfigurationList section */

/* Begin XCVersionGroup section */
		8C4E37A525390DDF0066B50D /* AsosShopList.xcdatamodeld */ = {
			isa = XCVersionGroup;
			children = (
				8C4E37A625390DDF0066B50D /* AsosShopList.xcdatamodel */,
			);
			currentVersion = 8C4E37A625390DDF0066B50D /* AsosShopList.xcdatamodel */;
			path = AsosShopList.xcdatamodeld;
			sourceTree = "<group>";
			versionGroupType = wrapper.xcdatamodel;
		};
/* End XCVersionGroup section */
	};
	rootObject = 8C4E379125390DDE0066B50D /* Project object */;
}
